
Microsoft Visual Studio Solution File, Format Version 12.00
# Visual Studio Version 17
VisualStudioVersion = 17.3.32901.215
MinimumVisualStudioVersion = 10.0.40219.1
Project("{9092AA53-FB77-4645-B42D-1CCCA6BD08BD}") = "NodejsWebApp2", "NodejsWebApp2.njsproj", "{6E08802C-F857-4802-819E-AAFAE73955B8}"
EndProject
Global
	GlobalSection(SolutionConfigurationPlatforms) = preSolution
		Debug|Any CPU = Debug|Any CPU
		Release|Any CPU = Release|Any CPU
	EndGlobalSection
	GlobalSection(ProjectConfigurationPlatforms) = postSolution
		{6E08802C-F857-4802-819E-AAFAE73955B8}.Debug|Any CPU.ActiveCfg = Debug|Any CPU
		{6E08802C-F857-4802-819E-AAFAE73955B8}.Debug|Any CPU.Build.0 = Debug|Any CPU
		{6E08802C-F857-4802-819E-AAFAE73955B8}.Release|Any CPU.ActiveCfg = Release|Any CPU
		{6E08802C-F857-4802-819E-AAFAE73955B8}.Release|Any CPU.Build.0 = Release|Any CPU
	EndGlobalSection
	GlobalSection(SolutionProperties) = preSolution
		HideSolutionNode = FALSE
	EndGlobalSection
	GlobalSection(ExtensibilityGlobals) = postSolution
		SolutionGuid = {710B3B09-18D6-488F-A417-85A903DBB7CE}
	EndGlobalSection
EndGlobal
